
Microsoft Visual Studio Solution File, Format Version 12.00
# Visual Studio Version 17
VisualStudioVersion = 17.1.32210.238
MinimumVisualStudioVersion = 10.0.40219.1
Project("{9A19103F-16F7-4668-BE54-9A1E7A4F7556}") = "01_BityBank", "01_BityBank\01_BityBank.csproj", "{45750044-2EA2-4936-8E9C-18C96B440533}"
EndProject
Project("{9A19103F-16F7-4668-BE54-9A1E7A4F7556}") = "02_BityBank", "02_BityBank\02_BityBank.csproj", "{965F58C4-EC9E-4F13-A019-C58152078081}"
EndProject
Project("{9A19103F-16F7-4668-BE54-9A1E7A4F7556}") = "03_BityBank", "03_BityBank\03_BityBank.csproj", "{69E9DDC0-D8B8-446C-AC12-519C9C3AC5E5}"
EndProject
Project("{9A19103F-16F7-4668-BE54-9A1E7A4F7556}") = "04_BityBank", "04_BityBank\04_BityBank.csproj", "{E1044C40-61AB-478F-9F8C-20BDF5D2C4FB}"
EndProject
Project("{9A19103F-16F7-4668-BE54-9A1E7A4F7556}") = "05_BityBank", "05_BityBank\05_BityBank.csproj", "{96FB98E2-BEF1-4E5E-B673-AC399A3CD27D}"
EndProject
Project("{9A19103F-16F7-4668-BE54-9A1E7A4F7556}") = "06_BityBank", "06_BityBank\06_BityBank.csproj", "{5B14FEAB-41C5-42B9-A50E-46CDECDA3BF8}"
EndProject
Project("{FAE04EC0-301F-11D3-BF4B-00C04F79EFBC}") = "07_BityBank", "07_BityBank\07_BityBank.csproj", "{9AB2E2B4-FB2B-4FCF-9749-CE391F5DBE64}"
EndProject
Global
	GlobalSection(SolutionConfigurationPlatforms) = preSolution
		Debug|Any CPU = Debug|Any CPU
		Release|Any CPU = Release|Any CPU
	EndGlobalSection
	GlobalSection(ProjectConfigurationPlatforms) = postSolution
		{45750044-2EA2-4936-8E9C-18C96B440533}.Debug|Any CPU.ActiveCfg = Debug|Any CPU
		{45750044-2EA2-4936-8E9C-18C96B440533}.Debug|Any CPU.Build.0 = Debug|Any CPU
		{45750044-2EA2-4936-8E9C-18C96B440533}.Release|Any CPU.ActiveCfg = Release|Any CPU
		{45750044-2EA2-4936-8E9C-18C96B440533}.Release|Any CPU.Build.0 = Release|Any CPU
		{965F58C4-EC9E-4F13-A019-C58152078081}.Debug|Any CPU.ActiveCfg = Debug|Any CPU
		{965F58C4-EC9E-4F13-A019-C58152078081}.Debug|Any CPU.Build.0 = Debug|Any CPU
		{965F58C4-EC9E-4F13-A019-C58152078081}.Release|Any CPU.ActiveCfg = Release|Any CPU
		{965F58C4-EC9E-4F13-A019-C58152078081}.Release|Any CPU.Build.0 = Release|Any CPU
		{69E9DDC0-D8B8-446C-AC12-519C9C3AC5E5}.Debug|Any CPU.ActiveCfg = Debug|Any CPU
		{69E9DDC0-D8B8-446C-AC12-519C9C3AC5E5}.Debug|Any CPU.Build.0 = Debug|Any CPU
		{69E9DDC0-D8B8-446C-AC12-519C9C3AC5E5}.Release|Any CPU.ActiveCfg = Release|Any CPU
		{69E9DDC0-D8B8-446C-AC12-519C9C3AC5E5}.Release|Any CPU.Build.0 = Release|Any CPU
		{E1044C40-61AB-478F-9F8C-20BDF5D2C4FB}.Debug|Any CPU.ActiveCfg = Debug|Any CPU
		{E1044C40-61AB-478F-9F8C-20BDF5D2C4FB}.Debug|Any CPU.Build.0 = Debug|Any CPU
		{E1044C40-61AB-478F-9F8C-20BDF5D2C4FB}.Release|Any CPU.ActiveCfg = Release|Any CPU
		{E1044C40-61AB-478F-9F8C-20BDF5D2C4FB}.Release|Any CPU.Build.0 = Release|Any CPU
		{96FB98E2-BEF1-4E5E-B673-AC399A3CD27D}.Debug|Any CPU.ActiveCfg = Debug|Any CPU
		{96FB98E2-BEF1-4E5E-B673-AC399A3CD27D}.Debug|Any CPU.Build.0 = Debug|Any CPU
		{96FB98E2-BEF1-4E5E-B673-AC399A3CD27D}.Release|Any CPU.ActiveCfg = Release|Any CPU
		{96FB98E2-BEF1-4E5E-B673-AC399A3CD27D}.Release|Any CPU.Build.0 = Release|Any CPU
		{5B14FEAB-41C5-42B9-A50E-46CDECDA3BF8}.Debug|Any CPU.ActiveCfg = Debug|Any CPU
		{5B14FEAB-41C5-42B9-A50E-46CDECDA3BF8}.Debug|Any CPU.Build.0 = Debug|Any CPU
		{5B14FEAB-41C5-42B9-A50E-46CDECDA3BF8}.Release|Any CPU.ActiveCfg = Release|Any CPU
		{5B14FEAB-41C5-42B9-A50E-46CDECDA3BF8}.Release|Any CPU.Build.0 = Release|Any CPU
		{9AB2E2B4-FB2B-4FCF-9749-CE391F5DBE64}.Debug|Any CPU.ActiveCfg = Debug|Any CPU
		{9AB2E2B4-FB2B-4FCF-9749-CE391F5DBE64}.Debug|Any CPU.Build.0 = Debug|Any CPU
		{9AB2E2B4-FB2B-4FCF-9749-CE391F5DBE64}.Release|Any CPU.ActiveCfg = Release|Any CPU
		{9AB2E2B4-FB2B-4FCF-9749-CE391F5DBE64}.Release|Any CPU.Build.0 = Release|Any CPU
	EndGlobalSection
	GlobalSection(SolutionProperties) = preSolution
		HideSolutionNode = FALSE
	EndGlobalSection
	GlobalSection(ExtensibilityGlobals) = postSolution
		SolutionGuid = {77EF4940-A7C7-4329-9A9C-FC0A0851C5CC}
	EndGlobalSection
EndGlobal
