
Microsoft Visual Studio Solution File, Format Version 12.00
# Visual Studio Version 17
VisualStudioVersion = 17.1.32210.238
MinimumVisualStudioVersion = 10.0.40219.1
Project("{FAE04EC0-301F-11D3-BF4B-00C04F79EFBC}") = "BityBank", "ConsoleApp1\BityBank.csproj", "{4F4FC01B-122A-4E25-BB95-8443E24A6618}"
EndProject
Global
	GlobalSection(SolutionConfigurationPlatforms) = preSolution
		Debug|Any CPU = Debug|Any CPU
		Release|Any CPU = Release|Any CPU
	EndGlobalSection
	GlobalSection(ProjectConfigurationPlatforms) = postSolution
		{4F4FC01B-122A-4E25-BB95-8443E24A6618}.Debug|Any CPU.ActiveCfg = Debug|Any CPU
		{4F4FC01B-122A-4E25-BB95-8443E24A6618}.Debug|Any CPU.Build.0 = Debug|Any CPU
		{4F4FC01B-122A-4E25-BB95-8443E24A6618}.Release|Any CPU.ActiveCfg = Release|Any CPU
		{4F4FC01B-122A-4E25-BB95-8443E24A6618}.Release|Any CPU.Build.0 = Release|Any CPU
	EndGlobalSection
	GlobalSection(SolutionProperties) = preSolution
		HideSolutionNode = FALSE
	EndGlobalSection
	GlobalSection(ExtensibilityGlobals) = postSolution
		SolutionGuid = {A7F4BC65-343F-454B-8104-CCBD568C2CCF}
	EndGlobalSection
EndGlobal
